
Microsoft Visual Studio Solution File, Format Version 12.00
# Visual Studio Version 17
VisualStudioVersion = 17.4.33110.190
MinimumVisualStudioVersion = 10.0.40219.1
Project("{9A19103F-16F7-4668-BE54-9A1E7A4F7556}") = "ScheduleManagementSession01", "ScheduleManagementSession01\ScheduleManagementSession01.csproj", "{8AD9D62B-C753-4486-BCF0-C02CD73450DE}"
EndProject
Project("{9A19103F-16F7-4668-BE54-9A1E7A4F7556}") = "Data", "Data\Data.csproj", "{AFDD55C0-46E6-4F8B-B39B-3C65A6C417B9}"
EndProject
Project("{9A19103F-16F7-4668-BE54-9A1E7A4F7556}") = "Services", "Services\Services.csproj", "{6C1789A5-76F2-4579-B46E-F6F6CA568229}"
EndProject
Global
	GlobalSection(SolutionConfigurationPlatforms) = preSolution
		Debug|Any CPU = Debug|Any CPU
		Release|Any CPU = Release|Any CPU
	EndGlobalSection
	GlobalSection(ProjectConfigurationPlatforms) = postSolution
		{8AD9D62B-C753-4486-BCF0-C02CD73450DE}.Debug|Any CPU.ActiveCfg = Debug|Any CPU
		{8AD9D62B-C753-4486-BCF0-C02CD73450DE}.Debug|Any CPU.Build.0 = Debug|Any CPU
		{8AD9D62B-C753-4486-BCF0-C02CD73450DE}.Release|Any CPU.ActiveCfg = Release|Any CPU
		{8AD9D62B-C753-4486-BCF0-C02CD73450DE}.Release|Any CPU.Build.0 = Release|Any CPU
		{AFDD55C0-46E6-4F8B-B39B-3C65A6C417B9}.Debug|Any CPU.ActiveCfg = Debug|Any CPU
		{AFDD55C0-46E6-4F8B-B39B-3C65A6C417B9}.Debug|Any CPU.Build.0 = Debug|Any CPU
		{AFDD55C0-46E6-4F8B-B39B-3C65A6C417B9}.Release|Any CPU.ActiveCfg = Release|Any CPU
		{AFDD55C0-46E6-4F8B-B39B-3C65A6C417B9}.Release|Any CPU.Build.0 = Release|Any CPU
		{6C1789A5-76F2-4579-B46E-F6F6CA568229}.Debug|Any CPU.ActiveCfg = Debug|Any CPU
		{6C1789A5-76F2-4579-B46E-F6F6CA568229}.Debug|Any CPU.Build.0 = Debug|Any CPU
		{6C1789A5-76F2-4579-B46E-F6F6CA568229}.Release|Any CPU.ActiveCfg = Release|Any CPU
		{6C1789A5-76F2-4579-B46E-F6F6CA568229}.Release|Any CPU.Build.0 = Release|Any CPU
	EndGlobalSection
	GlobalSection(SolutionProperties) = preSolution
		HideSolutionNode = FALSE
	EndGlobalSection
	GlobalSection(ExtensibilityGlobals) = postSolution
		SolutionGuid = {12868421-8ED7-4F42-B17B-88376DD6F517}
	EndGlobalSection
EndGlobal
